
Microsoft Visual Studio Solution File, Format Version 12.00
# Visual Studio Version 17
VisualStudioVersion = 17.0.31611.283
MinimumVisualStudioVersion = 10.0.40219.1
Project("{9A19103F-16F7-4668-BE54-9A1E7A4F7556}") = "List_View_Maui", "List_View_Maui\List_View_Maui.csproj", "{427AC301-F4DE-4907-B858-0E73FC4683BD}"
EndProject
Global
	GlobalSection(SolutionConfigurationPlatforms) = preSolution
		Debug|Any CPU = Debug|Any CPU
		Release|Any CPU = Release|Any CPU
	EndGlobalSection
	GlobalSection(ProjectConfigurationPlatforms) = postSolution
		{427AC301-F4DE-4907-B858-0E73FC4683BD}.Debug|Any CPU.ActiveCfg = Debug|Any CPU
		{427AC301-F4DE-4907-B858-0E73FC4683BD}.Debug|Any CPU.Build.0 = Debug|Any CPU
		{427AC301-F4DE-4907-B858-0E73FC4683BD}.Debug|Any CPU.Deploy.0 = Debug|Any CPU
		{427AC301-F4DE-4907-B858-0E73FC4683BD}.Release|Any CPU.ActiveCfg = Release|Any CPU
		{427AC301-F4DE-4907-B858-0E73FC4683BD}.Release|Any CPU.Build.0 = Release|Any CPU
		{427AC301-F4DE-4907-B858-0E73FC4683BD}.Release|Any CPU.Deploy.0 = Release|Any CPU
	EndGlobalSection
	GlobalSection(SolutionProperties) = preSolution
		HideSolutionNode = FALSE
	EndGlobalSection
	GlobalSection(ExtensibilityGlobals) = postSolution
		SolutionGuid = {61F7FB11-1E47-470C-91E2-47F8143E1572}
	EndGlobalSection
EndGlobal
